{
  "name": "crude-dedalus",
  "version": "1.0.0",
  "lockfileVersion": 2,
  "requires": true,
  "packages": {
    "": {
      "name": "crude-dedalus",
      "version": "1.0.0",
      "license": "ISC",
      "dependencies": {
        "commander": "^8.3.0",
        "peggy": "^1.2.0"
      },
      "bin": {
        "dedalus": "bin/dedalus.js"
      }
    },
    "node_modules/commander": {
      "version": "8.3.0",
      "resolved": "https://registry.npmjs.org/commander/-/commander-8.3.0.tgz",
      "integrity": "sha512-OkTL9umf+He2DZkUq8f8J9of7yL6RJKI24dVITBmNfZBmri9zYZQrKkuXiKhyfPSu8tUhnVBB1iKXevvnlR4Ww==",
      "engines": {
        "node": ">= 12"
      }
    },
    "node_modules/peggy": {
      "version": "1.2.0",
      "resolved": "https://registry.npmjs.org/peggy/-/peggy-1.2.0.tgz",
      "integrity": "sha512-PQ+NKpAobImfMprYQtc4Egmyi29bidRGEX0kKjCU5uuW09s0Cthwqhfy7mLkwcB4VcgacE5L/ZjruD/kOPCUUw==",
      "bin": {
        "peggy": "bin/peggy"
      },
      "engines": {
        "node": ">=10"
      }
    }
  },
  "dependencies": {
    "commander": {
      "version": "8.3.0",
      "resolved": "https://registry.npmjs.org/commander/-/commander-8.3.0.tgz",
      "integrity": "sha512-OkTL9umf+He2DZkUq8f8J9of7yL6RJKI24dVITBmNfZBmri9zYZQrKkuXiKhyfPSu8tUhnVBB1iKXevvnlR4Ww=="
    },
    "peggy": {
      "version": "1.2.0",
      "resolved": "https://registry.npmjs.org/peggy/-/peggy-1.2.0.tgz",
      "integrity": "sha512-PQ+NKpAobImfMprYQtc4Egmyi29bidRGEX0kKjCU5uuW09s0Cthwqhfy7mLkwcB4VcgacE5L/ZjruD/kOPCUUw=="
    }
  }
}
